// !$*UTF8*$!
{
	archiveVersion = 1;
	classes = {
	};
	objectVersion = 50;
	objects = {

/* Begin PBXBuildFile section */
		AB08E1F425DEBD480005A8DC /* AppDelegate.swift in Sources */ = {isa = PBXBuildFile; fileRef = AB08E1F325DEBD480005A8DC /* AppDelegate.swift */; };
		AB08E1F625DEBD480005A8DC /* SceneDelegate.swift in Sources */ = {isa = PBXBuildFile; fileRef = AB08E1F525DEBD480005A8DC /* SceneDelegate.swift */; };
		AB08E1F825DEBD480005A8DC /* ViewController.swift in Sources */ = {isa = PBXBuildFile; fileRef = AB08E1F725DEBD480005A8DC /* ViewController.swift */; };
		AB08E1FB25DEBD480005A8DC /* Main.storyboard in Resources */ = {isa = PBXBuildFile; fileRef = AB08E1F925DEBD480005A8DC /* Main.storyboard */; };
		AB08E1FD25DEBD490005A8DC /* Assets.xcassets in Resources */ = {isa = PBXBuildFile; fileRef = AB08E1FC25DEBD490005A8DC /* Assets.xcassets */; };
		AB08E20025DEBD490005A8DC /* LaunchScreen.storyboard in Resources */ = {isa = PBXBuildFile; fileRef = AB08E1FE25DEBD490005A8DC /* LaunchScreen.storyboard */; };
		AB08E20B25DEBD490005A8DC /* AlbumGeneratorTests.swift in Sources */ = {isa = PBXBuildFile; fileRef = AB08E20A25DEBD490005A8DC /* AlbumGeneratorTests.swift */; };
		AB08E21625DEBD490005A8DC /* AlbumGeneratorUITests.swift in Sources */ = {isa = PBXBuildFile; fileRef = AB08E21525DEBD490005A8DC /* AlbumGeneratorUITests.swift */; };
/* End PBXBuildFile section */

/* Begin PBXContainerItemProxy section */
		AB08E20725DEBD490005A8DC /* PBXContainerItemProxy */ = {
			isa = PBXContainerItemProxy;
			containerPortal = AB08E1E825DEBD480005A8DC /* Project object */;
			proxyType = 1;
			remoteGlobalIDString = AB08E1EF25DEBD480005A8DC;
			remoteInfo = AlbumGenerator;
		};
		AB08E21225DEBD490005A8DC /* PBXContainerItemProxy */ = {
			isa = PBXContainerItemProxy;
			containerPortal = AB08E1E825DEBD480005A8DC /* Project object */;
			proxyType = 1;
			remoteGlobalIDString = AB08E1EF25DEBD480005A8DC;
			remoteInfo = AlbumGenerator;
		};
/* End PBXContainerItemProxy section */

/* Begin PBXFileReference section */
		AB08E1F025DEBD480005A8DC /* AlbumGenerator.app */ = {isa = PBXFileReference; explicitFileType = wrapper.application; includeInIndex = 0; path = AlbumGenerator.app; sourceTree = BUILT_PRODUCTS_DIR; };
		AB08E1F325DEBD480005A8DC /* AppDelegate.swift */ = {isa = PBXFileReference; lastKnownFileType = sourcecode.swift; path = AppDelegate.swift; sourceTree = "<group>"; };
		AB08E1F525DEBD480005A8DC /* SceneDelegate.swift */ = {isa = PBXFileReference; lastKnownFileType = sourcecode.swift; path = SceneDelegate.swift; sourceTree = "<group>"; };
		AB08E1F725DEBD480005A8DC /* ViewController.swift */ = {isa = PBXFileReference; lastKnownFileType = sourcecode.swift; path = ViewController.swift; sourceTree = "<group>"; };
		AB08E1FA25DEBD480005A8DC /* Base */ = {isa = PBXFileReference; lastKnownFileType = file.storyboard; name = Base; path = Base.lproj/Main.storyboard; sourceTree = "<group>"; };
		AB08E1FC25DEBD490005A8DC /* Assets.xcassets */ = {isa = PBXFileReference; lastKnownFileType = folder.assetcatalog; path = Assets.xcassets; sourceTree = "<group>"; };
		AB08E1FF25DEBD490005A8DC /* Base */ = {isa = PBXFileReference; lastKnownFileType = file.storyboard; name = Base; path = Base.lproj/LaunchScreen.storyboard; sourceTree = "<group>"; };
		AB08E20125DEBD490005A8DC /* Info.plist */ = {isa = PBXFileReference; lastKnownFileType = text.plist.xml; path = Info.plist; sourceTree = "<group>"; };
		AB08E20625DEBD490005A8DC /* AlbumGeneratorTests.xctest */ = {isa = PBXFileReference; explicitFileType = wrapper.cfbundle; includeInIndex = 0; path = AlbumGeneratorTests.xctest; sourceTree = BUILT_PRODUCTS_DIR; };
		AB08E20A25DEBD490005A8DC /* AlbumGeneratorTests.swift */ = {isa = PBXFileReference; lastKnownFileType = sourcecode.swift; path = AlbumGeneratorTests.swift; sourceTree = "<group>"; };
		AB08E20C25DEBD490005A8DC /* Info.plist */ = {isa = PBXFileReference; lastKnownFileType = text.plist.xml; path = Info.plist; sourceTree = "<group>"; };
		AB08E21125DEBD490005A8DC /* AlbumGeneratorUITests.xctest */ = {isa = PBXFileReference; explicitFileType = wrapper.cfbundle; includeInIndex = 0; path = AlbumGeneratorUITests.xctest; sourceTree = BUILT_PRODUCTS_DIR; };
		AB08E21525DEBD490005A8DC /* AlbumGeneratorUITests.swift */ = {isa = PBXFileReference; lastKnownFileType = sourcecode.swift; path = AlbumGeneratorUITests.swift; sourceTree = "<group>"; };
		AB08E21725DEBD490005A8DC /* Info.plist */ = {isa = PBXFileReference; lastKnownFileType = text.plist.xml; path = Info.plist; sourceTree = "<group>"; };
/* End PBXFileReference section */

/* Begin PBXFrameworksBuildPhase section */
		AB08E1ED25DEBD480005A8DC /* Frameworks */ = {
			isa = PBXFrameworksBuildPhase;
			buildActionMask = 2147483647;
			files = (
			);
			runOnlyForDeploymentPostprocessing = 0;
		};
		AB08E20325DEBD490005A8DC /* Frameworks */ = {
			isa = PBXFrameworksBuildPhase;
			buildActionMask = 2147483647;
			files = (
			);
			runOnlyForDeploymentPostprocessing = 0;
		};
		AB08E20E25DEBD490005A8DC /* Frameworks */ = {
			isa = PBXFrameworksBuildPhase;
			buildActionMask = 2147483647;
			files = (
			);
			runOnlyForDeploymentPostprocessing = 0;
		};
/* End PBXFrameworksBuildPhase section */

/* Begin PBXGroup section */
		AB08E1E725DEBD480005A8DC = {
			isa = PBXGroup;
			children = (
				AB08E1F225DEBD480005A8DC /* AlbumGenerator */,
				AB08E20925DEBD490005A8DC /* AlbumGeneratorTests */,
				AB08E21425DEBD490005A8DC /* AlbumGeneratorUITests */,
				AB08E1F125DEBD480005A8DC /* Products */,
			);
			sourceTree = "<group>";
		};
		AB08E1F125DEBD480005A8DC /* Products */ = {
			isa = PBXGroup;
			children = (
				AB08E1F025DEBD480005A8DC /* AlbumGenerator.app */,
				AB08E20625DEBD490005A8DC /* AlbumGeneratorTests.xctest */,
				AB08E21125DEBD490005A8DC /* AlbumGeneratorUITests.xctest */,
			);
			name = Products;
			sourceTree = "<group>";
		};
		AB08E1F225DEBD480005A8DC /* AlbumGenerator */ = {
			isa = PBXGroup;
			children = (
				AB08E1F325DEBD480005A8DC /* AppDelegate.swift */,
				AB08E1F525DEBD480005A8DC /* SceneDelegate.swift */,
				AB08E1F725DEBD480005A8DC /* ViewController.swift */,
				AB08E1F925DEBD480005A8DC /* Main.storyboard */,
				AB08E1FC25DEBD490005A8DC /* Assets.xcassets */,
				AB08E1FE25DEBD490005A8DC /* LaunchScreen.storyboard */,
				AB08E20125DEBD490005A8DC /* Info.plist */,
			);
			path = AlbumGenerator;
			sourceTree = "<group>";
		};
		AB08E20925DEBD490005A8DC /* AlbumGeneratorTests */ = {
			isa = PBXGroup;
			children = (
				AB08E20A25DEBD490005A8DC /* AlbumGeneratorTests.swift */,
				AB08E20C25DEBD490005A8DC /* Info.plist */,
			);
			path = AlbumGeneratorTests;
			sourceTree = "<group>";
		};
		AB08E21425DEBD490005A8DC /* AlbumGeneratorUITests */ = {
			isa = PBXGroup;
			children = (
				AB08E21525DEBD490005A8DC /* AlbumGeneratorUITests.swift */,
				AB08E21725DEBD490005A8DC /* Info.plist */,
			);
			path = AlbumGeneratorUITests;
			sourceTree = "<group>";
		};
/* End PBXGroup section */

/* Begin PBXNativeTarget section */
		AB08E1EF25DEBD480005A8DC /* AlbumGenerator */ = {
			isa = PBXNativeTarget;
			buildConfigurationList = AB08E21A25DEBD490005A8DC /* Build configuration list for PBXNativeTarget "AlbumGenerator" */;
			buildPhases = (
				AB08E1EC25DEBD480005A8DC /* Sources */,
				AB08E1ED25DEBD480005A8DC /* Frameworks */,
				AB08E1EE25DEBD480005A8DC /* Resources */,
			);
			buildRules = (
			);
			dependencies = (
			);
			name = AlbumGenerator;
			productName = AlbumGenerator;
			productReference = AB08E1F025DEBD480005A8DC /* AlbumGenerator.app */;
			productType = "com.apple.product-type.application";
		};
		AB08E20525DEBD490005A8DC /* AlbumGeneratorTests */ = {
			isa = PBXNativeTarget;
			buildConfigurationList = AB08E21D25DEBD490005A8DC /* Build configuration list for PBXNativeTarget "AlbumGeneratorTests" */;
			buildPhases = (
				AB08E20225DEBD490005A8DC /* Sources */,
				AB08E20325DEBD490005A8DC /* Frameworks */,
				AB08E20425DEBD490005A8DC /* Resources */,
			);
			buildRules = (
			);
			dependencies = (
				AB08E20825DEBD490005A8DC /* PBXTargetDependency */,
			);
			name = AlbumGeneratorTests;
			productName = AlbumGeneratorTests;
			productReference = AB08E20625DEBD490005A8DC /* AlbumGeneratorTests.xctest */;
			productType = "com.apple.product-type.bundle.unit-test";
		};
		AB08E21025DEBD490005A8DC /* AlbumGeneratorUITests */ = {
			isa = PBXNativeTarget;
			buildConfigurationList = AB08E22025DEBD490005A8DC /* Build configuration list for PBXNativeTarget "AlbumGeneratorUITests" */;
			buildPhases = (
				AB08E20D25DEBD490005A8DC /* Sources */,
				AB08E20E25DEBD490005A8DC /* Frameworks */,
				AB08E20F25DEBD490005A8DC /* Resources */,
			);
			buildRules = (
			);
			dependencies = (
				AB08E21325DEBD490005A8DC /* PBXTargetDependency */,
			);
			name = AlbumGeneratorUITests;
			productName = AlbumGeneratorUITests;
			productReference = AB08E21125DEBD490005A8DC /* AlbumGeneratorUITests.xctest */;
			productType = "com.apple.product-type.bundle.ui-testing";
		};
/* End PBXNativeTarget section */

/* Begin PBXProject section */
		AB08E1E825DEBD480005A8DC /* Project object */ = {
			isa = PBXProject;
			attributes = {
				LastSwiftUpdateCheck = 1240;
				LastUpgradeCheck = 1240;
				TargetAttributes = {
					AB08E1EF25DEBD480005A8DC = {
						CreatedOnToolsVersion = 12.4;
					};
					AB08E20525DEBD490005A8DC = {
						CreatedOnToolsVersion = 12.4;
						TestTargetID = AB08E1EF25DEBD480005A8DC;
					};
					AB08E21025DEBD490005A8DC = {
						CreatedOnToolsVersion = 12.4;
						TestTargetID = AB08E1EF25DEBD480005A8DC;
					};
				};
			};
			buildConfigurationList = AB08E1EB25DEBD480005A8DC /* Build configuration list for PBXProject "AlbumGenerator" */;
			compatibilityVersion = "Xcode 9.3";
			developmentRegion = en;
			hasScannedForEncodings = 0;
			knownRegions = (
				en,
				Base,
			);
			mainGroup = AB08E1E725DEBD480005A8DC;
			productRefGroup = AB08E1F125DEBD480005A8DC /* Products */;
			projectDirPath = "";
			projectRoot = "";
			targets = (
				AB08E1EF25DEBD480005A8DC /* AlbumGenerator */,
				AB08E20525DEBD490005A8DC /* AlbumGeneratorTests */,
				AB08E21025DEBD490005A8DC /* AlbumGeneratorUITests */,
			);
		};
/* End PBXProject section */

/* Begin PBXResourcesBuildPhase section */
		AB08E1EE25DEBD480005A8DC /* Resources */ = {
			isa = PBXResourcesBuildPhase;
			buildActionMask = 2147483647;
			files = (
				AB08E20025DEBD490005A8DC /* LaunchScreen.storyboard in Resources */,
				AB08E1FD25DEBD490005A8DC /* Assets.xcassets in Resources */,
				AB08E1FB25DEBD480005A8DC /* Main.storyboard in Resources */,
			);
			runOnlyForDeploymentPostprocessing = 0;
		};
		AB08E20425DEBD490005A8DC /* Resources */ = {
			isa = PBXResourcesBuildPhase;
			buildActionMask = 2147483647;
			files = (
			);
			runOnlyForDeploymentPostprocessing = 0;
		};
		AB08E20F25DEBD490005A8DC /* Resources */ = {
			isa = PBXResourcesBuildPhase;
			buildActionMask = 2147483647;
			files = (
			);
			runOnlyForDeploymentPostprocessing = 0;
		};
/* End PBXResourcesBuildPhase section */

/* Begin PBXSourcesBuildPhase section */
		AB08E1EC25DEBD480005A8DC /* Sources */ = {
			isa = PBXSourcesBuildPhase;
			buildActionMask = 2147483647;
			files = (
				AB08E1F825DEBD480005A8DC /* ViewController.swift in Sources */,
				AB08E1F425DEBD480005A8DC /* AppDelegate.swift in Sources */,
				AB08E1F625DEBD480005A8DC /* SceneDelegate.swift in Sources */,
			);
			runOnlyForDeploymentPostprocessing = 0;
		};
		AB08E20225DEBD490005A8DC /* Sources */ = {
			isa = PBXSourcesBuildPhase;
			buildActionMask = 2147483647;
			files = (
				AB08E20B25DEBD490005A8DC /* AlbumGeneratorTests.swift in Sources */,
			);
			runOnlyForDeploymentPostprocessing = 0;
		};
		AB08E20D25DEBD490005A8DC /* Sources */ = {
			isa = PBXSourcesBuildPhase;
			buildActionMask = 2147483647;
			files = (
				AB08E21625DEBD490005A8DC /* AlbumGeneratorUITests.swift in Sources */,
			);
			runOnlyForDeploymentPostprocessing = 0;
		};
/* End PBXSourcesBuildPhase section */

/* Begin PBXTargetDependency section */
		AB08E20825DEBD490005A8DC /* PBXTargetDependency */ = {
			isa = PBXTargetDependency;
			target = AB08E1EF25DEBD480005A8DC /* AlbumGenerator */;
			targetProxy = AB08E20725DEBD490005A8DC /* PBXContainerItemProxy */;
		};
		AB08E21325DEBD490005A8DC /* PBXTargetDependency */ = {
			isa = PBXTargetDependency;
			target = AB08E1EF25DEBD480005A8DC /* AlbumGenerator */;
			targetProxy = AB08E21225DEBD490005A8DC /* PBXContainerItemProxy */;
		};
/* End PBXTargetDependency section */

/* Begin PBXVariantGroup section */
		AB08E1F925DEBD480005A8DC /* Main.storyboard */ = {
			isa = PBXVariantGroup;
			children = (
				AB08E1FA25DEBD480005A8DC /* Base */,
			);
			name = Main.storyboard;
			sourceTree = "<group>";
		};
		AB08E1FE25DEBD490005A8DC /* LaunchScreen.storyboard */ = {
			isa = PBXVariantGroup;
			children = (
				AB08E1FF25DEBD490005A8DC /* Base */,
			);
			name = LaunchScreen.storyboard;
			sourceTree = "<group>";
		};
/* End PBXVariantGroup section */

/* Begin XCBuildConfiguration section */
		AB08E21825DEBD490005A8DC /* Debug */ = {
			isa = XCBuildConfiguration;
			buildSettings = {
				ALWAYS_SEARCH_USER_PATHS = NO;
				CLANG_ANALYZER_NONNULL = YES;
				CLANG_ANALYZER_NUMBER_OBJECT_CONVERSION = YES_AGGRESSIVE;
				CLANG_CXX_LANGUAGE_STANDARD = "gnu++14";
				CLANG_CXX_LIBRARY = "libc++";
				CLANG_ENABLE_MODULES = YES;
				CLANG_ENABLE_OBJC_ARC = YES;
				CLANG_ENABLE_OBJC_WEAK = YES;
				CLANG_WARN_BLOCK_CAPTURE_AUTORELEASING = YES;
				CLANG_WARN_BOOL_CONVERSION = YES;
				CLANG_WARN_COMMA = YES;
				CLANG_WARN_CONSTANT_CONVERSION = YES;
				CLANG_WARN_DEPRECATED_OBJC_IMPLEMENTATIONS = YES;
				CLANG_WARN_DIRECT_OBJC_ISA_USAGE = YES_ERROR;
				CLANG_WARN_DOCUMENTATION_COMMENTS = YES;
				CLANG_WARN_EMPTY_BODY = YES;
				CLANG_WARN_ENUM_CONVERSION = YES;
				CLANG_WARN_INFINITE_RECURSION = YES;
				CLANG_WARN_INT_CONVERSION = YES;
				CLANG_WARN_NON_LITERAL_NULL_CONVERSION = YES;
				CLANG_WARN_OBJC_IMPLICIT_RETAIN_SELF = YES;
				CLANG_WARN_OBJC_LITERAL_CONVERSION = YES;
				CLANG_WARN_OBJC_ROOT_CLASS = YES_ERROR;
				CLANG_WARN_QUOTED_INCLUDE_IN_FRAMEWORK_HEADER = YES;
				CLANG_WARN_RANGE_LOOP_ANALYSIS = YES;
				CLANG_WARN_STRICT_PROTOTYPES = YES;
				CLANG_WARN_SUSPICIOUS_MOVE = YES;
				CLANG_WARN_UNGUARDED_AVAILABILITY = YES_AGGRESSIVE;
				CLANG_WARN_UNREACHABLE_CODE = YES;
				CLANG_WARN__DUPLICATE_METHOD_MATCH = YES;
				COPY_PHASE_STRIP = NO;
				DEBUG_INFORMATION_FORMAT = dwarf;
				ENABLE_STRICT_OBJC_MSGSEND = YES;
				ENABLE_TESTABILITY = YES;
				GCC_C_LANGUAGE_STANDARD = gnu11;
				GCC_DYNAMIC_NO_PIC = NO;
				GCC_NO_COMMON_BLOCKS = YES;
				GCC_OPTIMIZATION_LEVEL = 0;
				GCC_PREPROCESSOR_DEFINITIONS = (
					"DEBUG=1",
					"$(inherited)",
				);
				GCC_WARN_64_TO_32_BIT_CONVERSION = YES;
				GCC_WARN_ABOUT_RETURN_TYPE = YES_ERROR;
				GCC_WARN_UNDECLARED_SELECTOR = YES;
				GCC_WARN_UNINITIALIZED_AUTOS = YES_AGGRESSIVE;
				GCC_WARN_UNUSED_FUNCTION = YES;
				GCC_WARN_UNUSED_VARIABLE = YES;
				IPHONEOS_DEPLOYMENT_TARGET = 14.4;
				MTL_ENABLE_DEBUG_INFO = INCLUDE_SOURCE;
				MTL_FAST_MATH = YES;
				ONLY_ACTIVE_ARCH = YES;
				SDKROOT = iphoneos;
				SWIFT_ACTIVE_COMPILATION_CONDITIONS = DEBUG;
				SWIFT_OPTIMIZATION_LEVEL = "-Onone";
			};
			name = Debug;
		};
		AB08E21925DEBD490005A8DC /* Release */ = {
			isa = XCBuildConfiguration;
			buildSettings = {
				ALWAYS_SEARCH_USER_PATHS = NO;
				CLANG_ANALYZER_NONNULL = YES;
				CLANG_ANALYZER_NUMBER_OBJECT_CONVERSION = YES_AGGRESSIVE;
				CLANG_CXX_LANGUAGE_STANDARD = "gnu++14";
				CLANG_CXX_LIBRARY = "libc++";
				CLANG_ENABLE_MODULES = YES;
				CLANG_ENABLE_OBJC_ARC = YES;
				CLANG_ENABLE_OBJC_WEAK = YES;
				CLANG_WARN_BLOCK_CAPTURE_AUTORELEASING = YES;
				CLANG_WARN_BOOL_CONVERSION = YES;
				CLANG_WARN_COMMA = YES;
				CLANG_WARN_CONSTANT_CONVERSION = YES;
				CLANG_WARN_DEPRECATED_OBJC_IMPLEMENTATIONS = YES;
				CLANG_WARN_DIRECT_OBJC_ISA_USAGE = YES_ERROR;
				CLANG_WARN_DOCUMENTATION_COMMENTS = YES;
				CLANG_WARN_EMPTY_BODY = YES;
				CLANG_WARN_ENUM_CONVERSION = YES;
				CLANG_WARN_INFINITE_RECURSION = YES;
				CLANG_WARN_INT_CONVERSION = YES;
				CLANG_WARN_NON_LITERAL_NULL_CONVERSION = YES;
				CLANG_WARN_OBJC_IMPLICIT_RETAIN_SELF = YES;
				CLANG_WARN_OBJC_LITERAL_CONVERSION = YES;
				CLANG_WARN_OBJC_ROOT_CLASS = YES_ERROR;
				CLANG_WARN_QUOTED_INCLUDE_IN_FRAMEWORK_HEADER = YES;
				CLANG_WARN_RANGE_LOOP_ANALYSIS = YES;
				CLANG_WARN_STRICT_PROTOTYPES = YES;
				CLANG_WARN_SUSPICIOUS_MOVE = YES;
				CLANG_WARN_UNGUARDED_AVAILABILITY = YES_AGGRESSIVE;
				CLANG_WARN_UNREACHABLE_CODE = YES;
				CLANG_WARN__DUPLICATE_METHOD_MATCH = YES;
				COPY_PHASE_STRIP = NO;
				DEBUG_INFORMATION_FORMAT = "dwarf-with-dsym";
				ENABLE_NS_ASSERTIONS = NO;
				ENABLE_STRICT_OBJC_MSGSEND = YES;
				GCC_C_LANGUAGE_STANDARD = gnu11;
				GCC_NO_COMMON_BLOCKS = YES;
				GCC_WARN_64_TO_32_BIT_CONVERSION = YES;
				GCC_WARN_ABOUT_RETURN_TYPE = YES_ERROR;
				GCC_WARN_UNDECLARED_SELECTOR = YES;
				GCC_WARN_UNINITIALIZED_AUTOS = YES_AGGRESSIVE;
				GCC_WARN_UNUSED_FUNCTION = YES;
				GCC_WARN_UNUSED_VARIABLE = YES;
				IPHONEOS_DEPLOYMENT_TARGET = 14.4;
				MTL_ENABLE_DEBUG_INFO = NO;
				MTL_FAST_MATH = YES;
				SDKROOT = iphoneos;
				SWIFT_COMPILATION_MODE = wholemodule;
				SWIFT_OPTIMIZATION_LEVEL = "-O";
				VALIDATE_PRODUCT = YES;
			};
			name = Release;
		};
		AB08E21B25DEBD490005A8DC /* Debug */ = {
			isa = XCBuildConfiguration;
			buildSettings = {
				ASSETCATALOG_COMPILER_APPICON_NAME = AppIcon;
				ASSETCATALOG_COMPILER_GLOBAL_ACCENT_COLOR_NAME = AccentColor;
				CODE_SIGN_STYLE = Automatic;
				INFOPLIST_FILE = AlbumGenerator/Info.plist;
				IPHONEOS_DEPLOYMENT_TARGET = 14.4;
				LD_RUNPATH_SEARCH_PATHS = (
					"$(inherited)",
					"@executable_path/Frameworks",
				);
				PRODUCT_BUNDLE_IDENTIFIER = com.ceccleston.AlbumGenerator;
				PRODUCT_NAME = "$(TARGET_NAME)";
				SWIFT_VERSION = 5.0;
				TARGETED_DEVICE_FAMILY = "1,2";
			};
			name = Debug;
		};
		AB08E21C25DEBD490005A8DC /* Release */ = {
			isa = XCBuildConfiguration;
			buildSettings = {
				ASSETCATALOG_COMPILER_APPICON_NAME = AppIcon;
				ASSETCATALOG_COMPILER_GLOBAL_ACCENT_COLOR_NAME = AccentColor;
				CODE_SIGN_STYLE = Automatic;
				INFOPLIST_FILE = AlbumGenerator/Info.plist;
				IPHONEOS_DEPLOYMENT_TARGET = 14.4;
				LD_RUNPATH_SEARCH_PATHS = (
					"$(inherited)",
					"@executable_path/Frameworks",
				);
				PRODUCT_BUNDLE_IDENTIFIER = com.ceccleston.AlbumGenerator;
				PRODUCT_NAME = "$(TARGET_NAME)";
				SWIFT_VERSION = 5.0;
				TARGETED_DEVICE_FAMILY = "1,2";
			};
			name = Release;
		};
		AB08E21E25DEBD490005A8DC /* Debug */ = {
			isa = XCBuildConfiguration;
			buildSettings = {
				ALWAYS_EMBED_SWIFT_STANDARD_LIBRARIES = YES;
				BUNDLE_LOADER = "$(TEST_HOST)";
				CODE_SIGN_STYLE = Automatic;
				INFOPLIST_FILE = AlbumGeneratorTests/Info.plist;
				IPHONEOS_DEPLOYMENT_TARGET = 14.4;
				LD_RUNPATH_SEARCH_PATHS = (
					"$(inherited)",
					"@executable_path/Frameworks",
					"@loader_path/Frameworks",
				);
				PRODUCT_BUNDLE_IDENTIFIER = com.saucelabs.AlbumGeneratorTests;
				PRODUCT_NAME = "$(TARGET_NAME)";
				SWIFT_VERSION = 5.0;
				TARGETED_DEVICE_FAMILY = "1,2";
				TEST_HOST = "$(BUILT_PRODUCTS_DIR)/AlbumGenerator.app/AlbumGenerator";
			};
			name = Debug;
		};
		AB08E21F25DEBD490005A8DC /* Release */ = {
			isa = XCBuildConfiguration;
			buildSettings = {
				ALWAYS_EMBED_SWIFT_STANDARD_LIBRARIES = YES;
				BUNDLE_LOADER = "$(TEST_HOST)";
				CODE_SIGN_STYLE = Automatic;
				INFOPLIST_FILE = AlbumGeneratorTests/Info.plist;
				IPHONEOS_DEPLOYMENT_TARGET = 14.4;
				LD_RUNPATH_SEARCH_PATHS = (
					"$(inherited)",
					"@executable_path/Frameworks",
					"@loader_path/Frameworks",
				);
				PRODUCT_BUNDLE_IDENTIFIER = com.saucelabs.AlbumGeneratorTests;
				PRODUCT_NAME = "$(TARGET_NAME)";
				SWIFT_VERSION = 5.0;
				TARGETED_DEVICE_FAMILY = "1,2";
				TEST_HOST = "$(BUILT_PRODUCTS_DIR)/AlbumGenerator.app/AlbumGenerator";
			};
			name = Release;
		};
		AB08E22125DEBD490005A8DC /* Debug */ = {
			isa = XCBuildConfiguration;
			buildSettings = {
				ALWAYS_EMBED_SWIFT_STANDARD_LIBRARIES = YES;
				CODE_SIGN_STYLE = Automatic;
				INFOPLIST_FILE = AlbumGeneratorUITests/Info.plist;
				LD_RUNPATH_SEARCH_PATHS = (
					"$(inherited)",
					"@executable_path/Frameworks",
					"@loader_path/Frameworks",
				);
				PRODUCT_BUNDLE_IDENTIFIER = com.saucelabs.AlbumGeneratorUITests;
				PRODUCT_NAME = "$(TARGET_NAME)";
				SWIFT_VERSION = 5.0;
				TARGETED_DEVICE_FAMILY = "1,2";
				TEST_TARGET_NAME = AlbumGenerator;
			};
			name = Debug;
		};
		AB08E22225DEBD490005A8DC /* Release */ = {
			isa = XCBuildConfiguration;
			buildSettings = {
				ALWAYS_EMBED_SWIFT_STANDARD_LIBRARIES = YES;
				CODE_SIGN_STYLE = Automatic;
				INFOPLIST_FILE = AlbumGeneratorUITests/Info.plist;
				LD_RUNPATH_SEARCH_PATHS = (
					"$(inherited)",
					"@executable_path/Frameworks",
					"@loader_path/Frameworks",
				);
				PRODUCT_BUNDLE_IDENTIFIER = com.saucelabs.AlbumGeneratorUITests;
				PRODUCT_NAME = "$(TARGET_NAME)";
				SWIFT_VERSION = 5.0;
				TARGETED_DEVICE_FAMILY = "1,2";
				TEST_TARGET_NAME = AlbumGenerator;
			};
			name = Release;
		};
/* End XCBuildConfiguration section */

/* Begin XCConfigurationList section */
		AB08E1EB25DEBD480005A8DC /* Build configuration list for PBXProject "AlbumGenerator" */ = {
			isa = XCConfigurationList;
			buildConfigurations = (
				AB08E21825DEBD490005A8DC /* Debug */,
				AB08E21925DEBD490005A8DC /* Release */,
			);
			defaultConfigurationIsVisible = 0;
			defaultConfigurationName = Release;
		};
		AB08E21A25DEBD490005A8DC /* Build configuration list for PBXNativeTarget "AlbumGenerator" */ = {
			isa = XCConfigurationList;
			buildConfigurations = (
				AB08E21B25DEBD490005A8DC /* Debug */,
				AB08E21C25DEBD490005A8DC /* Release */,
			);
			defaultConfigurationIsVisible = 0;
			defaultConfigurationName = Release;
		};
		AB08E21D25DEBD490005A8DC /* Build configuration list for PBXNativeTarget "AlbumGeneratorTests" */ = {
			isa = XCConfigurationList;
			buildConfigurations = (
				AB08E21E25DEBD490005A8DC /* Debug */,
				AB08E21F25DEBD490005A8DC /* Release */,
			);
			defaultConfigurationIsVisible = 0;
			defaultConfigurationName = Release;
		};
		AB08E22025DEBD490005A8DC /* Build configuration list for PBXNativeTarget "AlbumGeneratorUITests" */ = {
			isa = XCConfigurationList;
			buildConfigurations = (
				AB08E22125DEBD490005A8DC /* Debug */,
				AB08E22225DEBD490005A8DC /* Release */,
			);
			defaultConfigurationIsVisible = 0;
			defaultConfigurationName = Release;
		};
/* End XCConfigurationList section */
	};
	rootObject = AB08E1E825DEBD480005A8DC /* Project object */;
}
